
Microsoft Visual Studio Solution File, Format Version 10.00
# Visual Basic Express 2008
Project("{F184B08F-C81C-45F6-A57F-5ABD9991F28F}") = "BankBals-update-mbk", "BankBals-update-mbk\BankBals-update-mbk.vbproj", "{2C47AE44-37F9-422D-B10A-24ED9DF8E629}"
EndProject
Global
	GlobalSection(SolutionConfigurationPlatforms) = preSolution
		Debug|Any CPU = Debug|Any CPU
		Debug|x86 = Debug|x86
		Release|Any CPU = Release|Any CPU
		Release|x86 = Release|x86
	EndGlobalSection
	GlobalSection(ProjectConfigurationPlatforms) = postSolution
		{2C47AE44-37F9-422D-B10A-24ED9DF8E629}.Debug|Any CPU.ActiveCfg = Debug|Any CPU
		{2C47AE44-37F9-422D-B10A-24ED9DF8E629}.Debug|Any CPU.Build.0 = Debug|Any CPU
		{2C47AE44-37F9-422D-B10A-24ED9DF8E629}.Debug|x86.ActiveCfg = Debug|x86
		{2C47AE44-37F9-422D-B10A-24ED9DF8E629}.Debug|x86.Build.0 = Debug|x86
		{2C47AE44-37F9-422D-B10A-24ED9DF8E629}.Release|Any CPU.ActiveCfg = Release|Any CPU
		{2C47AE44-37F9-422D-B10A-24ED9DF8E629}.Release|Any CPU.Build.0 = Release|Any CPU
		{2C47AE44-37F9-422D-B10A-24ED9DF8E629}.Release|x86.ActiveCfg = Release|x86
		{2C47AE44-37F9-422D-B10A-24ED9DF8E629}.Release|x86.Build.0 = Release|x86
	EndGlobalSection
	GlobalSection(SolutionProperties) = preSolution
		HideSolutionNode = FALSE
	EndGlobalSection
EndGlobal
